{
  "nodes": {
    "PINCE": {
      "flake": false,
      "locked": {
        "narHash": "sha256-EJfTzYVpa/jcwplqdo50faMEQCSjmIkCQCqDJYcM0Fk=",
        "type": "file",
        "url": "https://github.com/korcankaraokcu/PINCE/releases/download/v0.5/PINCE-x86_64.AppImage"
      },
      "original": {
        "type": "file",
        "url": "https://github.com/korcankaraokcu/PINCE/releases/download/v0.5/PINCE-x86_64.AppImage"
      }
    },
    "agenix": {
      "inputs": {
        "darwin": "darwin",
        "home-manager": "home-manager",
        "nixpkgs": [
          "nixpkgs"
        ],
        "systems": "systems"
      },
      "locked": {
        "lastModified": 1770165109,
        "narHash": "sha256-9VnK6Oqai65puVJ4WYtCTvlJeXxMzAp/69HhQuTdl/I=",
        "owner": "ryantm",
        "repo": "agenix",
        "rev": "b027ee29d959fda4b60b57566d64c98a202e0feb",
        "type": "github"
      },
      "original": {
        "owner": "ryantm",
        "repo": "agenix",
        "type": "github"
      }
    },
    "darwin": {
      "inputs": {
        "nixpkgs": [
          "agenix",
          "nixpkgs"
        ]
      },
      "locked": {
        "lastModified": 1744478979,
        "narHash": "sha256-dyN+teG9G82G+m+PX/aSAagkC+vUv0SgUw3XkPhQodQ=",
        "owner": "lnl7",
        "repo": "nix-darwin",
        "rev": "43975d782b418ebf4969e9ccba82466728c2851b",
        "type": "github"
      },
      "original": {
        "owner": "lnl7",
        "ref": "master",
        "repo": "nix-darwin",
        "type": "github"
      }
    },
    "fastfetch-images-01": {
      "flake": false,
      "locked": {
        "narHash": "sha256-yDJ0PkZ+3UMrCAmKVer4Heu5k8RFH7QmHNX8CKLZsVw=",
        "type": "file",
        "url": "https://wallpapers.com/images/high/cute-anime-profile-pictures-hf5vd8c7ywpbvgvf.webp"
      },
      "original": {
        "type": "file",
        "url": "https://wallpapers.com/images/high/cute-anime-profile-pictures-hf5vd8c7ywpbvgvf.webp"
      }
    },
    "fastfetch-images-02": {
      "flake": false,
      "locked": {
        "narHash": "sha256-YCzZXtNVfTmT2tyGMZnYBtLkhnPKcpsM4PF0Zbz0Cms=",
        "type": "file",
        "url": "https://i.pinimg.com/736x/6f/90/ea/6f90eacec65e50b2b2f07178bedf8dd9.jpg"
      },
      "original": {
        "type": "file",
        "url": "https://i.pinimg.com/736x/6f/90/ea/6f90eacec65e50b2b2f07178bedf8dd9.jpg"
      }
    },
    "flake-parts": {
      "inputs": {
        "nixpkgs-lib": "nixpkgs-lib"
      },
      "locked": {
        "lastModified": 1778716662,
        "narHash": "sha256-m1Yf0wZ8j1OHjTc2UwHwyQRSnNeSgLJOd7q5Y45hzi4=",
        "owner": "hercules-ci",
        "repo": "flake-parts",
        "rev": "f7c1a2d347e4c52d5fb8d10cb4d94b5884e546fb",
        "type": "github"
      },
      "original": {
        "owner": "hercules-ci",
        "repo": "flake-parts",
        "type": "github"
      }
    },
    "home-manager": {
      "inputs": {
        "nixpkgs": [
          "agenix",
          "nixpkgs"
        ]
      },
      "locked": {
        "lastModified": 1745494811,
        "narHash": "sha256-YZCh2o9Ua1n9uCvrvi5pRxtuVNml8X2a03qIFfRKpFs=",
        "owner": "nix-community",
        "repo": "home-manager",
        "rev": "abfad3d2958c9e6300a883bd443512c55dfeb1be",
        "type": "github"
      },
      "original": {
        "owner": "nix-community",
        "repo": "home-manager",
        "type": "github"
      }
    },
    "home-manager_2": {
      "inputs": {
        "nixpkgs": [
          "nixpkgs"
        ]
      },
      "locked": {
        "lastModified": 1778858474,
        "narHash": "sha256-uOh5fCoxOgdFa50WymuhCwJKuEVv/Eo4VYjK0SgzlPs=",
        "owner": "nix-community",
        "repo": "home-manager",
        "rev": "ca77575d39c908de876c10f93704532689df546f",
        "type": "github"
      },
      "original": {
        "owner": "nix-community",
        "ref": "master",
        "repo": "home-manager",
        "type": "github"
      }
    },
    "import-tree": {
      "locked": {
        "lastModified": 1778781969,
        "narHash": "sha256-Jjuz5CmSkur8KvLDoGa+vylEp+RkQtv4mt/qcMznpH0=",
        "owner": "vic",
        "repo": "import-tree",
        "rev": "d321337efd0f23a9eb14a42adb7b2c29313ab274",
        "type": "github"
      },
      "original": {
        "owner": "vic",
        "repo": "import-tree",
        "type": "github"
      }
    },
    "neo-zen": {
      "flake": false,
      "locked": {
        "lastModified": 1777295313,
        "narHash": "sha256-LvUuD3kUMgwHkWxZJgkkybu0DCYVCSKP2yxuzWLBPcQ=",
        "owner": "JustVibingWhileCoding",
        "repo": "Neo-Zen",
        "rev": "d9680619254581a54f8fd158e17e8127b5be20ed",
        "type": "github"
      },
      "original": {
        "owner": "JustVibingWhileCoding",
        "ref": "main",
        "repo": "Neo-Zen",
        "type": "github"
      }
    },
    "niri": {
      "inputs": {
        "niri-stable": "niri-stable",
        "niri-unstable": "niri-unstable",
        "nixpkgs": "nixpkgs",
        "nixpkgs-stable": "nixpkgs-stable",
        "xwayland-satellite-stable": "xwayland-satellite-stable",
        "xwayland-satellite-unstable": "xwayland-satellite-unstable"
      },
      "locked": {
        "lastModified": 1778862364,
        "narHash": "sha256-O0qC3IOHRscJcGPuDlIS4cLboKJZq358KH3oVzBeQjo=",
        "owner": "sodiboo",
        "repo": "niri-flake",
        "rev": "9ab3f8b17e22ead80525c4572b74156acf870526",
        "type": "github"
      },
      "original": {
        "owner": "sodiboo",
        "repo": "niri-flake",
        "type": "github"
      }
    },
    "niri-stable": {
      "flake": false,
      "locked": {
        "lastModified": 1756556321,
        "narHash": "sha256-RLD89dfjN0RVO86C/Mot0T7aduCygPGaYbog566F0Qo=",
        "owner": "YaLTeR",
        "repo": "niri",
        "rev": "01be0e65f4eb91a9cd624ac0b76aaeab765c7294",
        "type": "github"
      },
      "original": {
        "owner": "YaLTeR",
        "ref": "v25.08",
        "repo": "niri",
        "type": "github"
      }
    },
    "niri-unstable": {
      "flake": false,
      "locked": {
        "lastModified": 1778858756,
        "narHash": "sha256-9VvAHNoi2wd0fxLfJOPChZMS7l6rhCtAJmpd59Hv5rw=",
        "owner": "YaLTeR",
        "repo": "niri",
        "rev": "cd5ac3e5e04bb5a11276d3c755fa25242818e05f",
        "type": "github"
      },
      "original": {
        "owner": "YaLTeR",
        "repo": "niri",
        "type": "github"
      }
    },
    "nix-flatpak": {
      "locked": {
        "lastModified": 1767983141,
        "narHash": "sha256-7ZCulYUD9RmJIDULTRkGLSW1faMpDlPKcbWJLYHoXcs=",
        "owner": "gmodena",
        "repo": "nix-flatpak",
        "rev": "440818969ac2cbd77bfe025e884d0aa528991374",
        "type": "github"
      },
      "original": {
        "owner": "gmodena",
        "ref": "latest",
        "repo": "nix-flatpak",
        "type": "github"
      }
    },
    "nix-wrapper-modules": {
      "inputs": {
        "nixpkgs": "nixpkgs_2"
      },
      "locked": {
        "lastModified": 1778662548,
        "narHash": "sha256-e6XKnrzKr48r1UdCr+5bekibSqe2L1/Sgi46IODHtGQ=",
        "owner": "BirdeeHub",
        "repo": "nix-wrapper-modules",
        "rev": "46e7c1e3f0e149b28f539eb8601152db8a67ad0c",
        "type": "github"
      },
      "original": {
        "owner": "BirdeeHub",
        "repo": "nix-wrapper-modules",
        "type": "github"
      }
    },
    "nixpkgs": {
      "locked": {
        "lastModified": 1778443072,
        "narHash": "sha256-zi7/fsqM/kFdNuED//4WOCUtezGtKKqRNORjMvfwjnA=",
        "owner": "NixOS",
        "repo": "nixpkgs",
        "rev": "da5ad661ba4e5ef59ba743f0d112cbc30e474f32",
        "type": "github"
      },
      "original": {
        "owner": "NixOS",
        "ref": "nixos-unstable",
        "repo": "nixpkgs",
        "type": "github"
      }
    },
    "nixpkgs-lib": {
      "locked": {
        "lastModified": 1777168982,
        "narHash": "sha256-GOkGPcboWE9BmGCRMLX3worL4EMnsnG8MyKmXNeYuhQ=",
        "owner": "nix-community",
        "repo": "nixpkgs.lib",
        "rev": "f5901329dade4a6ea039af1433fb087bd9c1fe14",
        "type": "github"
      },
      "original": {
        "owner": "nix-community",
        "repo": "nixpkgs.lib",
        "type": "github"
      }
    },
    "nixpkgs-stable": {
      "locked": {
        "lastModified": 1778737229,
        "narHash": "sha256-6xWoytx8jFW4PF1GjRm/i/53trbpKGfz6zjzQGBr4cI=",
        "owner": "NixOS",
        "repo": "nixpkgs",
        "rev": "d7a713c0b7e47c908258e71cba7a2d77cc8d71d5",
        "type": "github"
      },
      "original": {
        "owner": "NixOS",
        "ref": "nixos-25.11",
        "repo": "nixpkgs",
        "type": "github"
      }
    },
    "nixpkgs_2": {
      "locked": {
        "lastModified": 1778274207,
        "narHash": "sha256-I4puXmX1iovcCHZlRmztO3vW0mAbbRvq4F8wgIMQ1MM=",
        "owner": "NixOS",
        "repo": "nixpkgs",
        "rev": "b3da656039dc7a6240f27b2ef8cc6a3ef3bccae7",
        "type": "github"
      },
      "original": {
        "owner": "NixOS",
        "ref": "nixpkgs-unstable",
        "repo": "nixpkgs",
        "type": "github"
      }
    },
    "nixpkgs_3": {
      "locked": {
        "lastModified": 1778443072,
        "narHash": "sha256-zi7/fsqM/kFdNuED//4WOCUtezGtKKqRNORjMvfwjnA=",
        "owner": "Nixos",
        "repo": "nixpkgs",
        "rev": "da5ad661ba4e5ef59ba743f0d112cbc30e474f32",
        "type": "github"
      },
      "original": {
        "owner": "Nixos",
        "ref": "nixos-unstable",
        "repo": "nixpkgs",
        "type": "github"
      }
    },
    "nixpkgs_4": {
      "locked": {
        "lastModified": 1777954456,
        "narHash": "sha256-qeRNZKcA0igTdRVnBe6hyo49CqxME92s4G8Sr78ARJw=",
        "rev": "549bd84d6279f9852cae6225e372cc67fb91a4c1",
        "type": "tarball",
        "url": "https://releases.nixos.org/nixos/unstable/nixos-26.05pre992384.549bd84d6279/nixexprs.tar.xz"
      },
      "original": {
        "type": "tarball",
        "url": "https://channels.nixos.org/nixos-unstable/nixexprs.tar.xz"
      }
    },
    "noctalia": {
      "inputs": {
        "nixpkgs": [
          "nixpkgs"
        ],
        "noctalia-qs": "noctalia-qs"
      },
      "locked": {
        "lastModified": 1778830602,
        "narHash": "sha256-5HKL37GkJNRHsU8GS38UshBY7UyvTOQim2L4quSYGfE=",
        "owner": "noctalia-dev",
        "repo": "noctalia-shell",
        "rev": "13964255121d100a7306e76a28010f19e8b33a1a",
        "type": "github"
      },
      "original": {
        "owner": "noctalia-dev",
        "repo": "noctalia-shell",
        "type": "github"
      }
    },
    "noctalia-qs": {
      "inputs": {
        "nixpkgs": [
          "noctalia",
          "nixpkgs"
        ],
        "systems": "systems_2",
        "treefmt-nix": "treefmt-nix"
      },
      "locked": {
        "lastModified": 1778377995,
        "narHash": "sha256-uUzHDHqQF1rdVNiTa05L0mML3/d7fpbAShjCRWxbrBQ=",
        "owner": "noctalia-dev",
        "repo": "noctalia-qs",
        "rev": "d8327a723eed6dd9aebe8e0b162126f390e827df",
        "type": "github"
      },
      "original": {
        "owner": "noctalia-dev",
        "repo": "noctalia-qs",
        "type": "github"
      }
    },
    "pfp01": {
      "flake": false,
      "locked": {
        "narHash": "sha256-dDcVeiSTGOooB62B6uML776N7VguHR00m6c1xq9DgpU=",
        "type": "file",
        "url": "https://novapicsly.com/wp-content/uploads/2026/01/dark-emo-pfp-glitch-effect-distorted-moody.webp"
      },
      "original": {
        "type": "file",
        "url": "https://novapicsly.com/wp-content/uploads/2026/01/dark-emo-pfp-glitch-effect-distorted-moody.webp"
      }
    },
    "pfp02": {
      "flake": false,
      "locked": {
        "narHash": "sha256-0MENqc2iBjH5qq0ndvkPkTRJTuJl/zrxhaccde+nJDs=",
        "type": "file",
        "url": "https://i.pinimg.com/236x/44/dd/39/44dd39521229bf5c43fdfc64ee62b412.jpg"
      },
      "original": {
        "type": "file",
        "url": "https://i.pinimg.com/236x/44/dd/39/44dd39521229bf5c43fdfc64ee62b412.jpg"
      }
    },
    "pfp03": {
      "flake": false,
      "locked": {
        "narHash": "sha256-PJoBBnvrRGqOfsuec+mDo7g7Jl34B2RCIuQBgziodKg=",
        "type": "file",
        "url": "https://i.pinimg.com/236x/f2/6b/cd/f26bcdef78bfe21c06f121e48d5f775b.jpg"
      },
      "original": {
        "type": "file",
        "url": "https://i.pinimg.com/236x/f2/6b/cd/f26bcdef78bfe21c06f121e48d5f775b.jpg"
      }
    },
    "quickshell": {
      "inputs": {
        "nixpkgs": [
          "nixpkgs"
        ]
      },
      "locked": {
        "lastModified": 1778488696,
        "narHash": "sha256-QSWgYuZUCNUJ/cxmaq83WkcT7lHQDDfsPVgH+96kIl0=",
        "owner": "quickshell-mirror",
        "repo": "quickshell",
        "rev": "7d1c9a9c6721606b129829134d6f614f015621e2",
        "type": "github"
      },
      "original": {
        "owner": "quickshell-mirror",
        "repo": "quickshell",
        "type": "github"
      }
    },
    "root": {
      "inputs": {
        "PINCE": "PINCE",
        "agenix": "agenix",
        "fastfetch-images-01": "fastfetch-images-01",
        "fastfetch-images-02": "fastfetch-images-02",
        "flake-parts": "flake-parts",
        "home-manager": "home-manager_2",
        "import-tree": "import-tree",
        "neo-zen": "neo-zen",
        "niri": "niri",
        "nix-flatpak": "nix-flatpak",
        "nix-wrapper-modules": "nix-wrapper-modules",
        "nixpkgs": "nixpkgs_3",
        "noctalia": "noctalia",
        "pfp01": "pfp01",
        "pfp02": "pfp02",
        "pfp03": "pfp03",
        "quickshell": "quickshell",
        "spicetify-nix": "spicetify-nix",
        "wallpapers": "wallpapers",
        "zen-browser": "zen-browser"
      }
    },
    "spicetify-nix": {
      "inputs": {
        "nixpkgs": "nixpkgs_4",
        "systems": "systems_3"
      },
      "locked": {
        "lastModified": 1778793632,
        "narHash": "sha256-HYHD6J64bAWB2iT00lyyTn0wWcb0POtV+nPshYvq6Uc=",
        "owner": "Gerg-L",
        "repo": "spicetify-nix",
        "rev": "e175a8b634e06a1b0635ec3d4db2c72cdc41fd15",
        "type": "github"
      },
      "original": {
        "owner": "Gerg-L",
        "repo": "spicetify-nix",
        "type": "github"
      }
    },
    "systems": {
      "locked": {
        "lastModified": 1681028828,
        "narHash": "sha256-Vy1rq5AaRuLzOxct8nz4T6wlgyUR7zLU309k9mBC768=",
        "owner": "nix-systems",
        "repo": "default",
        "rev": "da67096a3b9bf56a91d16901293e51ba5b49a27e",
        "type": "github"
      },
      "original": {
        "owner": "nix-systems",
        "repo": "default",
        "type": "github"
      }
    },
    "systems_2": {
      "locked": {
        "lastModified": 1689347949,
        "narHash": "sha256-12tWmuL2zgBgZkdoB6qXZsgJEH9LR3oUgpaQq2RbI80=",
        "owner": "nix-systems",
        "repo": "default-linux",
        "rev": "31732fcf5e8fea42e59c2488ad31a0e651500f68",
        "type": "github"
      },
      "original": {
        "owner": "nix-systems",
        "repo": "default-linux",
        "type": "github"
      }
    },
    "systems_3": {
      "locked": {
        "lastModified": 1681028828,
        "narHash": "sha256-Vy1rq5AaRuLzOxct8nz4T6wlgyUR7zLU309k9mBC768=",
        "owner": "nix-systems",
        "repo": "default",
        "rev": "da67096a3b9bf56a91d16901293e51ba5b49a27e",
        "type": "github"
      },
      "original": {
        "owner": "nix-systems",
        "repo": "default",
        "type": "github"
      }
    },
    "treefmt-nix": {
      "inputs": {
        "nixpkgs": [
          "noctalia",
          "noctalia-qs",
          "nixpkgs"
        ]
      },
      "locked": {
        "lastModified": 1775636079,
        "narHash": "sha256-pc20NRoMdiar8oPQceQT47UUZMBTiMdUuWrYu2obUP0=",
        "owner": "numtide",
        "repo": "treefmt-nix",
        "rev": "790751ff7fd3801feeaf96d7dc416a8d581265ba",
        "type": "github"
      },
      "original": {
        "owner": "numtide",
        "repo": "treefmt-nix",
        "type": "github"
      }
    },
    "wallpapers": {
      "flake": false,
      "locked": {
        "lastModified": 1777280180,
        "narHash": "sha256-TUJpD5zDRz17uiu/yJwlbW/e3QqSsTTZ7yBhrfHdYpY=",
        "owner": "krishna4a6av",
        "repo": "Wallpapers",
        "rev": "964986fb9f95a0d65390685d90f65086ecda49e3",
        "type": "github"
      },
      "original": {
        "owner": "krishna4a6av",
        "repo": "Wallpapers",
        "type": "github"
      }
    },
    "xwayland-satellite-stable": {
      "flake": false,
      "locked": {
        "lastModified": 1755491097,
        "narHash": "sha256-m+9tUfsmBeF2Gn4HWa6vSITZ4Gz1eA1F5Kh62B0N4oE=",
        "owner": "Supreeeme",
        "repo": "xwayland-satellite",
        "rev": "388d291e82ffbc73be18169d39470f340707edaa",
        "type": "github"
      },
      "original": {
        "owner": "Supreeeme",
        "ref": "v0.7",
        "repo": "xwayland-satellite",
        "type": "github"
      }
    },
    "xwayland-satellite-unstable": {
      "flake": false,
      "locked": {
        "lastModified": 1773622265,
        "narHash": "sha256-wToKwH7IgWdGLMSIWksEDs4eumR6UbbsuPQ42r0oTXQ=",
        "owner": "Supreeeme",
        "repo": "xwayland-satellite",
        "rev": "a879e5e0896a326adc79c474bf457b8b99011027",
        "type": "github"
      },
      "original": {
        "owner": "Supreeeme",
        "repo": "xwayland-satellite",
        "type": "github"
      }
    },
    "zen-browser": {
      "inputs": {
        "home-manager": [
          "home-manager"
        ],
        "nixpkgs": [
          "nixpkgs"
        ]
      },
      "locked": {
        "lastModified": 1778846616,
        "narHash": "sha256-cqNwCnEdzUlUgNk9c3bVkXnEfmhzHvHre2Nr2C0sIfo=",
        "owner": "0xc000022070",
        "repo": "zen-browser-flake",
        "rev": "3e3671b5f0e7c60e8f10bdf8667598603203546a",
        "type": "github"
      },
      "original": {
        "owner": "0xc000022070",
        "ref": "main",
        "repo": "zen-browser-flake",
        "type": "github"
      }
    }
  },
  "root": "root",
  "version": 7
}
